
Microsoft Visual Studio Solution File, Format Version 12.00
# Visual Studio Version 17
VisualStudioVersion = 17.2.32630.192
MinimumVisualStudioVersion = 10.0.40219.1
Project("{9A19103F-16F7-4668-BE54-9A1E7A4F7556}") = "Common", "Common\Common.csproj", "{592EE234-3926-4009-B3C3-B924557D4B57}"
EndProject
Project("{9A19103F-16F7-4668-BE54-9A1E7A4F7556}") = "ManagerApp", "ManagerApp\ManagerApp.csproj", "{D8B17DCB-0D6A-4697-BB78-AA22F4AE23D5}"
EndProject
Project("{9A19103F-16F7-4668-BE54-9A1E7A4F7556}") = "ExchangeRateManager", "ExchangeRateManager\ExchangeRateManager.csproj", "{00E8FF15-199B-4C9E-A021-386268C30D09}"
EndProject
Project("{FAE04EC0-301F-11D3-BF4B-00C04F79EFBC}") = "TaxCalculator", "TaxCalculator\TaxCalculator.csproj", "{BCC472BF-4B3C-49D9-BE4E-A682B50D1AD5}"
EndProject
Global
	GlobalSection(SolutionConfigurationPlatforms) = preSolution
		Debug|Any CPU = Debug|Any CPU
		Release|Any CPU = Release|Any CPU
	EndGlobalSection
	GlobalSection(ProjectConfigurationPlatforms) = postSolution
		{592EE234-3926-4009-B3C3-B924557D4B57}.Debug|Any CPU.ActiveCfg = Debug|Any CPU
		{592EE234-3926-4009-B3C3-B924557D4B57}.Debug|Any CPU.Build.0 = Debug|Any CPU
		{592EE234-3926-4009-B3C3-B924557D4B57}.Release|Any CPU.ActiveCfg = Release|Any CPU
		{592EE234-3926-4009-B3C3-B924557D4B57}.Release|Any CPU.Build.0 = Release|Any CPU
		{D8B17DCB-0D6A-4697-BB78-AA22F4AE23D5}.Debug|Any CPU.ActiveCfg = Debug|Any CPU
		{D8B17DCB-0D6A-4697-BB78-AA22F4AE23D5}.Debug|Any CPU.Build.0 = Debug|Any CPU
		{D8B17DCB-0D6A-4697-BB78-AA22F4AE23D5}.Release|Any CPU.ActiveCfg = Release|Any CPU
		{D8B17DCB-0D6A-4697-BB78-AA22F4AE23D5}.Release|Any CPU.Build.0 = Release|Any CPU
		{00E8FF15-199B-4C9E-A021-386268C30D09}.Debug|Any CPU.ActiveCfg = Debug|Any CPU
		{00E8FF15-199B-4C9E-A021-386268C30D09}.Debug|Any CPU.Build.0 = Debug|Any CPU
		{00E8FF15-199B-4C9E-A021-386268C30D09}.Release|Any CPU.ActiveCfg = Release|Any CPU
		{00E8FF15-199B-4C9E-A021-386268C30D09}.Release|Any CPU.Build.0 = Release|Any CPU
		{BCC472BF-4B3C-49D9-BE4E-A682B50D1AD5}.Debug|Any CPU.ActiveCfg = Debug|Any CPU
		{BCC472BF-4B3C-49D9-BE4E-A682B50D1AD5}.Debug|Any CPU.Build.0 = Debug|Any CPU
		{BCC472BF-4B3C-49D9-BE4E-A682B50D1AD5}.Release|Any CPU.ActiveCfg = Release|Any CPU
		{BCC472BF-4B3C-49D9-BE4E-A682B50D1AD5}.Release|Any CPU.Build.0 = Release|Any CPU
	EndGlobalSection
	GlobalSection(SolutionProperties) = preSolution
		HideSolutionNode = FALSE
	EndGlobalSection
	GlobalSection(ExtensibilityGlobals) = postSolution
		SolutionGuid = {3646C180-3165-43D0-A4E8-9565DCB87666}
	EndGlobalSection
EndGlobal
